
Microsoft Visual Studio Solution File, Format Version 12.00
# Visual Studio Version 17
VisualStudioVersion = 17.14.37216.2 d17.14
MinimumVisualStudioVersion = 10.0.40219.1
Project("{FAE04EC0-301F-11D3-BF4B-00C04F79EFBC}") = "BlogStore", "BlogStore\BlogStore.csproj", "{328D6A3A-12FC-458D-B5FB-D5E5D207D63D}"
EndProject
Global
	GlobalSection(SolutionConfigurationPlatforms) = preSolution
		Debug|Any CPU = Debug|Any CPU
		Release|Any CPU = Release|Any CPU
	EndGlobalSection
	GlobalSection(ProjectConfigurationPlatforms) = postSolution
		{328D6A3A-12FC-458D-B5FB-D5E5D207D63D}.Debug|Any CPU.ActiveCfg = Debug|Any CPU
		{328D6A3A-12FC-458D-B5FB-D5E5D207D63D}.Debug|Any CPU.Build.0 = Debug|Any CPU
		{328D6A3A-12FC-458D-B5FB-D5E5D207D63D}.Release|Any CPU.ActiveCfg = Release|Any CPU
		{328D6A3A-12FC-458D-B5FB-D5E5D207D63D}.Release|Any CPU.Build.0 = Release|Any CPU
	EndGlobalSection
	GlobalSection(SolutionProperties) = preSolution
		HideSolutionNode = FALSE
	EndGlobalSection
	GlobalSection(ExtensibilityGlobals) = postSolution
		SolutionGuid = {2CEFDBFA-3A4C-4C7A-8D28-538B5482D89A}
	EndGlobalSection
EndGlobal
